# Final Integration Lock

Owner session: 3
Worker or session ID: 019fc076-8582-7db3-ae9f-6425cd4b5068
Branch: task/session-3-topology-depth-canonical
Task commit: a9ec8cc540ce42d2504c0501e7e1e5998a633430
Claimed at: 2026-08-02T10:34:01.0595913+07:00
Base commit: 249a104114abd135cd1a9a0855821c9722e78b60
